
Microsoft Visual Studio Solution File, Format Version 12.00
# Visual Studio Version 17
VisualStudioVersion = 17.5.33530.505
MinimumVisualStudioVersion = 10.0.40219.1
Project("{9A19103F-16F7-4668-BE54-9A1E7A4F7556}") = "FirstProject", "FirstProject\FirstProject.csproj", "{00FD0DC4-9613-4F38-AEEE-26AC1DB93BB4}"
EndProject
Project("{9A19103F-16F7-4668-BE54-9A1E7A4F7556}") = "PassingParametersToMethod", "PassingParametersToMethod\PassingParametersToMethod.csproj", "{A97CB8A0-19E8-42F0-956D-BFFE7E9B2FFF}"
EndProject
Project("{2150E333-8FDC-42A3-9474-1A3956D46DE8}") = "1. Konsola", "1. Konsola", "{C29530D3-4AFB-4BE4-89B5-7E8E241A62A4}"
EndProject
Project("{2150E333-8FDC-42A3-9474-1A3956D46DE8}") = "01. Podstawy", "01. Podstawy", "{81E5BC46-541C-438E-84CE-17C2203308EF}"
EndProject
Project("{2150E333-8FDC-42A3-9474-1A3956D46DE8}") = "02. Parametry do metody", "02. Parametry do metody", "{ECDE72B4-12B7-4B77-BF05-AFCEF8C97067}"
EndProject
Project("{2150E333-8FDC-42A3-9474-1A3956D46DE8}") = "03. Dziedziczenie i polimorfizm", "03. Dziedziczenie i polimorfizm", "{3B5B7220-2F81-4AB0-8958-610D403A37A6}"
EndProject
Project("{9A19103F-16F7-4668-BE54-9A1E7A4F7556}") = "PolymorphismApp", "PolymorphismApp\PolymorphismApp.csproj", "{34DB4B70-75DF-4D1A-B17B-F19307C26BC8}"
EndProject
Project("{2150E333-8FDC-42A3-9474-1A3956D46DE8}") = "04. Gra", "04. Gra", "{918C535C-B3A2-41E5-950F-187BC08034AA}"
EndProject
Project("{9A19103F-16F7-4668-BE54-9A1E7A4F7556}") = "MoveOnBoardGame", "MoveOnBoardGame\MoveOnBoardGame.csproj", "{9E73EEFD-F6CA-4614-AD39-41A8F9747661}"
EndProject
Project("{2150E333-8FDC-42A3-9474-1A3956D46DE8}") = "05. Kolekcje", "05. Kolekcje", "{4F7B8DB7-B06A-47E3-BA60-251C7B6A455D}"
EndProject
Project("{9A19103F-16F7-4668-BE54-9A1E7A4F7556}") = "TestCollections", "TestCollections\TestCollections.csproj", "{0E308C3C-4B8C-4E16-8BE5-064CCFA91797}"
EndProject
Project("{2150E333-8FDC-42A3-9474-1A3956D46DE8}") = "06. Baza danych", "06. Baza danych", "{30B0D668-B9F9-447B-82E3-5741C7759B09}"
EndProject
Project("{9A19103F-16F7-4668-BE54-9A1E7A4F7556}") = "SchoolApp", "SchoolApp\SchoolApp.csproj", "{C39941D1-21D6-42F1-AFC7-66C297F097ED}"
EndProject
Project("{2150E333-8FDC-42A3-9474-1A3956D46DE8}") = "Egzamin", "Egzamin", "{6432C47F-262F-4D0A-80E2-9F331243F39D}"
EndProject
Project("{2150E333-8FDC-42A3-9474-1A3956D46DE8}") = "2023 styczeń 1", "2023 styczeń 1", "{42405B43-4A39-406F-9870-D3D87E7C6E3C}"
EndProject
Project("{2150E333-8FDC-42A3-9474-1A3956D46DE8}") = "Konsola", "Konsola", "{5248A85C-9BE7-4ED2-A4A8-C14423D90734}"
EndProject
Project("{9A19103F-16F7-4668-BE54-9A1E7A4F7556}") = "NwdConsoleApp", "NwdConsoleApp\NwdConsoleApp.csproj", "{E4B5C93F-583D-469A-A635-518EA77C0B7F}"
EndProject
Project("{2150E333-8FDC-42A3-9474-1A3956D46DE8}") = "07. Zadania", "07. Zadania", "{D6F0F6D1-9202-4736-A10E-70F794D4ED10}"
EndProject
Project("{8BC9CEB8-8B4A-11D0-8D11-00A0C91BC942}") = "TasksConsoleApplication", "TasksConsoleApplication\TasksConsoleApplication.vcxproj", "{4F9B0E8F-DF68-4563-8E9C-E4DC7ACC776C}"
EndProject
Project("{2150E333-8FDC-42A3-9474-1A3956D46DE8}") = "2. Desktopowe", "2. Desktopowe", "{B8AE942F-9D37-423B-9511-9C4229C463FB}"
EndProject
Project("{9A19103F-16F7-4668-BE54-9A1E7A4F7556}") = "FirstAplicationWinFormsApp", "FirstAplicationWinFormsApp\FirstAplicationWinFormsApp.csproj", "{EB175E20-29E8-41DE-B1B4-0BC0185223E6}"
EndProject
Project("{9A19103F-16F7-4668-BE54-9A1E7A4F7556}") = "LayoutWinFormsApp", "LayoutWinFormsApp\LayoutWinFormsApp.csproj", "{6F566AB4-F602-4756-BA51-7B43D6A664C6}"
EndProject
Project("{2150E333-8FDC-42A3-9474-1A3956D46DE8}") = "3. MAUI", "3. MAUI", "{C126F5D7-6F32-47CD-B9F7-E54CF4C15753}"
EndProject
Project("{9A19103F-16F7-4668-BE54-9A1E7A4F7556}") = "FirstMauiApp", "FirstMauiApp\FirstMauiApp.csproj", "{003FAAE5-B8AB-4AC8-928C-F19E15B57DFA}"
EndProject
Project("{9A19103F-16F7-4668-BE54-9A1E7A4F7556}") = "SimpleCalculator", "BindingCalculator\SimpleCalculator.csproj", "{7E02EAF4-F2B8-4E99-B52C-5A0FF1FCB024}"
EndProject
Project("{FAE04EC0-301F-11D3-BF4B-00C04F79EFBC}") = "ShowCollectionMauiApp", "ShowCollectionMauiApp\ShowCollectionMauiApp.csproj", "{C14F17D6-6438-4E08-82D5-6F839B85F620}"
EndProject
Global
	GlobalSection(SolutionConfigurationPlatforms) = preSolution
		Debug|Any CPU = Debug|Any CPU
		Debug|x64 = Debug|x64
		Debug|x86 = Debug|x86
		Release|Any CPU = Release|Any CPU
		Release|x64 = Release|x64
		Release|x86 = Release|x86
	EndGlobalSection
	GlobalSection(ProjectConfigurationPlatforms) = postSolution
		{00FD0DC4-9613-4F38-AEEE-26AC1DB93BB4}.Debug|Any CPU.ActiveCfg = Debug|Any CPU
		{00FD0DC4-9613-4F38-AEEE-26AC1DB93BB4}.Debug|x64.ActiveCfg = Debug|Any CPU
		{00FD0DC4-9613-4F38-AEEE-26AC1DB93BB4}.Debug|x64.Build.0 = Debug|Any CPU
		{00FD0DC4-9613-4F38-AEEE-26AC1DB93BB4}.Debug|x86.ActiveCfg = Debug|Any CPU
		{00FD0DC4-9613-4F38-AEEE-26AC1DB93BB4}.Debug|x86.Build.0 = Debug|Any CPU
		{00FD0DC4-9613-4F38-AEEE-26AC1DB93BB4}.Release|Any CPU.ActiveCfg = Release|Any CPU
		{00FD0DC4-9613-4F38-AEEE-26AC1DB93BB4}.Release|Any CPU.Build.0 = Release|Any CPU
		{00FD0DC4-9613-4F38-AEEE-26AC1DB93BB4}.Release|x64.ActiveCfg = Release|Any CPU
		{00FD0DC4-9613-4F38-AEEE-26AC1DB93BB4}.Release|x64.Build.0 = Release|Any CPU
		{00FD0DC4-9613-4F38-AEEE-26AC1DB93BB4}.Release|x86.ActiveCfg = Release|Any CPU
		{00FD0DC4-9613-4F38-AEEE-26AC1DB93BB4}.Release|x86.Build.0 = Release|Any CPU
		{A97CB8A0-19E8-42F0-956D-BFFE7E9B2FFF}.Debug|Any CPU.ActiveCfg = Debug|Any CPU
		{A97CB8A0-19E8-42F0-956D-BFFE7E9B2FFF}.Debug|x64.ActiveCfg = Debug|Any CPU
		{A97CB8A0-19E8-42F0-956D-BFFE7E9B2FFF}.Debug|x64.Build.0 = Debug|Any CPU
		{A97CB8A0-19E8-42F0-956D-BFFE7E9B2FFF}.Debug|x86.ActiveCfg = Debug|Any CPU
		{A97CB8A0-19E8-42F0-956D-BFFE7E9B2FFF}.Debug|x86.Build.0 = Debug|Any CPU
		{A97CB8A0-19E8-42F0-956D-BFFE7E9B2FFF}.Release|Any CPU.ActiveCfg = Release|Any CPU
		{A97CB8A0-19E8-42F0-956D-BFFE7E9B2FFF}.Release|Any CPU.Build.0 = Release|Any CPU
		{A97CB8A0-19E8-42F0-956D-BFFE7E9B2FFF}.Release|x64.ActiveCfg = Release|Any CPU
		{A97CB8A0-19E8-42F0-956D-BFFE7E9B2FFF}.Release|x64.Build.0 = Release|Any CPU
		{A97CB8A0-19E8-42F0-956D-BFFE7E9B2FFF}.Release|x86.ActiveCfg = Release|Any CPU
		{A97CB8A0-19E8-42F0-956D-BFFE7E9B2FFF}.Release|x86.Build.0 = Release|Any CPU
		{34DB4B70-75DF-4D1A-B17B-F19307C26BC8}.Debug|Any CPU.ActiveCfg = Debug|Any CPU
		{34DB4B70-75DF-4D1A-B17B-F19307C26BC8}.Debug|x64.ActiveCfg = Debug|Any CPU
		{34DB4B70-75DF-4D1A-B17B-F19307C26BC8}.Debug|x64.Build.0 = Debug|Any CPU
		{34DB4B70-75DF-4D1A-B17B-F19307C26BC8}.Debug|x86.ActiveCfg = Debug|Any CPU
		{34DB4B70-75DF-4D1A-B17B-F19307C26BC8}.Debug|x86.Build.0 = Debug|Any CPU
		{34DB4B70-75DF-4D1A-B17B-F19307C26BC8}.Release|Any CPU.ActiveCfg = Release|Any CPU
		{34DB4B70-75DF-4D1A-B17B-F19307C26BC8}.Release|Any CPU.Build.0 = Release|Any CPU
		{34DB4B70-75DF-4D1A-B17B-F19307C26BC8}.Release|x64.ActiveCfg = Release|Any CPU
		{34DB4B70-75DF-4D1A-B17B-F19307C26BC8}.Release|x64.Build.0 = Release|Any CPU
		{34DB4B70-75DF-4D1A-B17B-F19307C26BC8}.Release|x86.ActiveCfg = Release|Any CPU
		{34DB4B70-75DF-4D1A-B17B-F19307C26BC8}.Release|x86.Build.0 = Release|Any CPU
		{9E73EEFD-F6CA-4614-AD39-41A8F9747661}.Debug|Any CPU.ActiveCfg = Debug|Any CPU
		{9E73EEFD-F6CA-4614-AD39-41A8F9747661}.Debug|x64.ActiveCfg = Debug|Any CPU
		{9E73EEFD-F6CA-4614-AD39-41A8F9747661}.Debug|x64.Build.0 = Debug|Any CPU
		{9E73EEFD-F6CA-4614-AD39-41A8F9747661}.Debug|x86.ActiveCfg = Debug|Any CPU
		{9E73EEFD-F6CA-4614-AD39-41A8F9747661}.Debug|x86.Build.0 = Debug|Any CPU
		{9E73EEFD-F6CA-4614-AD39-41A8F9747661}.Release|Any CPU.ActiveCfg = Release|Any CPU
		{9E73EEFD-F6CA-4614-AD39-41A8F9747661}.Release|Any CPU.Build.0 = Release|Any CPU
		{9E73EEFD-F6CA-4614-AD39-41A8F9747661}.Release|x64.ActiveCfg = Release|Any CPU
		{9E73EEFD-F6CA-4614-AD39-41A8F9747661}.Release|x64.Build.0 = Release|Any CPU
		{9E73EEFD-F6CA-4614-AD39-41A8F9747661}.Release|x86.ActiveCfg = Release|Any CPU
		{9E73EEFD-F6CA-4614-AD39-41A8F9747661}.Release|x86.Build.0 = Release|Any CPU
		{0E308C3C-4B8C-4E16-8BE5-064CCFA91797}.Debug|Any CPU.ActiveCfg = Debug|Any CPU
		{0E308C3C-4B8C-4E16-8BE5-064CCFA91797}.Debug|x64.ActiveCfg = Debug|Any CPU
		{0E308C3C-4B8C-4E16-8BE5-064CCFA91797}.Debug|x64.Build.0 = Debug|Any CPU
		{0E308C3C-4B8C-4E16-8BE5-064CCFA91797}.Debug|x86.ActiveCfg = Debug|Any CPU
		{0E308C3C-4B8C-4E16-8BE5-064CCFA91797}.Debug|x86.Build.0 = Debug|Any CPU
		{0E308C3C-4B8C-4E16-8BE5-064CCFA91797}.Release|Any CPU.ActiveCfg = Release|Any CPU
		{0E308C3C-4B8C-4E16-8BE5-064CCFA91797}.Release|Any CPU.Build.0 = Release|Any CPU
		{0E308C3C-4B8C-4E16-8BE5-064CCFA91797}.Release|x64.ActiveCfg = Release|Any CPU
		{0E308C3C-4B8C-4E16-8BE5-064CCFA91797}.Release|x64.Build.0 = Release|Any CPU
		{0E308C3C-4B8C-4E16-8BE5-064CCFA91797}.Release|x86.ActiveCfg = Release|Any CPU
		{0E308C3C-4B8C-4E16-8BE5-064CCFA91797}.Release|x86.Build.0 = Release|Any CPU
		{C39941D1-21D6-42F1-AFC7-66C297F097ED}.Debug|Any CPU.ActiveCfg = Debug|Any CPU
		{C39941D1-21D6-42F1-AFC7-66C297F097ED}.Debug|Any CPU.Build.0 = Debug|Any CPU
		{C39941D1-21D6-42F1-AFC7-66C297F097ED}.Debug|x64.ActiveCfg = Debug|Any CPU
		{C39941D1-21D6-42F1-AFC7-66C297F097ED}.Debug|x64.Build.0 = Debug|Any CPU
		{C39941D1-21D6-42F1-AFC7-66C297F097ED}.Debug|x86.ActiveCfg = Debug|Any CPU
		{C39941D1-21D6-42F1-AFC7-66C297F097ED}.Debug|x86.Build.0 = Debug|Any CPU
		{C39941D1-21D6-42F1-AFC7-66C297F097ED}.Release|Any CPU.ActiveCfg = Release|Any CPU
		{C39941D1-21D6-42F1-AFC7-66C297F097ED}.Release|Any CPU.Build.0 = Release|Any CPU
		{C39941D1-21D6-42F1-AFC7-66C297F097ED}.Release|x64.ActiveCfg = Release|Any CPU
		{C39941D1-21D6-42F1-AFC7-66C297F097ED}.Release|x64.Build.0 = Release|Any CPU
		{C39941D1-21D6-42F1-AFC7-66C297F097ED}.Release|x86.ActiveCfg = Release|Any CPU
		{C39941D1-21D6-42F1-AFC7-66C297F097ED}.Release|x86.Build.0 = Release|Any CPU
		{E4B5C93F-583D-469A-A635-518EA77C0B7F}.Debug|Any CPU.ActiveCfg = Debug|Any CPU
		{E4B5C93F-583D-469A-A635-518EA77C0B7F}.Debug|Any CPU.Build.0 = Debug|Any CPU
		{E4B5C93F-583D-469A-A635-518EA77C0B7F}.Debug|x64.ActiveCfg = Debug|Any CPU
		{E4B5C93F-583D-469A-A635-518EA77C0B7F}.Debug|x64.Build.0 = Debug|Any CPU
		{E4B5C93F-583D-469A-A635-518EA77C0B7F}.Debug|x86.ActiveCfg = Debug|Any CPU
		{E4B5C93F-583D-469A-A635-518EA77C0B7F}.Debug|x86.Build.0 = Debug|Any CPU
		{E4B5C93F-583D-469A-A635-518EA77C0B7F}.Release|Any CPU.ActiveCfg = Release|Any CPU
		{E4B5C93F-583D-469A-A635-518EA77C0B7F}.Release|Any CPU.Build.0 = Release|Any CPU
		{E4B5C93F-583D-469A-A635-518EA77C0B7F}.Release|x64.ActiveCfg = Release|Any CPU
		{E4B5C93F-583D-469A-A635-518EA77C0B7F}.Release|x64.Build.0 = Release|Any CPU
		{E4B5C93F-583D-469A-A635-518EA77C0B7F}.Release|x86.ActiveCfg = Release|Any CPU
		{E4B5C93F-583D-469A-A635-518EA77C0B7F}.Release|x86.Build.0 = Release|Any CPU
		{4F9B0E8F-DF68-4563-8E9C-E4DC7ACC776C}.Debug|Any CPU.ActiveCfg = Debug|x64
		{4F9B0E8F-DF68-4563-8E9C-E4DC7ACC776C}.Debug|Any CPU.Build.0 = Debug|x64
		{4F9B0E8F-DF68-4563-8E9C-E4DC7ACC776C}.Debug|x64.ActiveCfg = Debug|x64
		{4F9B0E8F-DF68-4563-8E9C-E4DC7ACC776C}.Debug|x64.Build.0 = Debug|x64
		{4F9B0E8F-DF68-4563-8E9C-E4DC7ACC776C}.Debug|x86.ActiveCfg = Debug|Win32
		{4F9B0E8F-DF68-4563-8E9C-E4DC7ACC776C}.Debug|x86.Build.0 = Debug|Win32
		{4F9B0E8F-DF68-4563-8E9C-E4DC7ACC776C}.Release|Any CPU.ActiveCfg = Release|x64
		{4F9B0E8F-DF68-4563-8E9C-E4DC7ACC776C}.Release|Any CPU.Build.0 = Release|x64
		{4F9B0E8F-DF68-4563-8E9C-E4DC7ACC776C}.Release|x64.ActiveCfg = Release|x64
		{4F9B0E8F-DF68-4563-8E9C-E4DC7ACC776C}.Release|x64.Build.0 = Release|x64
		{4F9B0E8F-DF68-4563-8E9C-E4DC7ACC776C}.Release|x86.ActiveCfg = Release|Win32
		{4F9B0E8F-DF68-4563-8E9C-E4DC7ACC776C}.Release|x86.Build.0 = Release|Win32
		{EB175E20-29E8-41DE-B1B4-0BC0185223E6}.Debug|Any CPU.ActiveCfg = Debug|Any CPU
		{EB175E20-29E8-41DE-B1B4-0BC0185223E6}.Debug|Any CPU.Build.0 = Debug|Any CPU
		{EB175E20-29E8-41DE-B1B4-0BC0185223E6}.Debug|x64.ActiveCfg = Debug|Any CPU
		{EB175E20-29E8-41DE-B1B4-0BC0185223E6}.Debug|x64.Build.0 = Debug|Any CPU
		{EB175E20-29E8-41DE-B1B4-0BC0185223E6}.Debug|x86.ActiveCfg = Debug|Any CPU
		{EB175E20-29E8-41DE-B1B4-0BC0185223E6}.Debug|x86.Build.0 = Debug|Any CPU
		{EB175E20-29E8-41DE-B1B4-0BC0185223E6}.Release|Any CPU.ActiveCfg = Release|Any CPU
		{EB175E20-29E8-41DE-B1B4-0BC0185223E6}.Release|Any CPU.Build.0 = Release|Any CPU
		{EB175E20-29E8-41DE-B1B4-0BC0185223E6}.Release|x64.ActiveCfg = Release|Any CPU
		{EB175E20-29E8-41DE-B1B4-0BC0185223E6}.Release|x64.Build.0 = Release|Any CPU
		{EB175E20-29E8-41DE-B1B4-0BC0185223E6}.Release|x86.ActiveCfg = Release|Any CPU
		{EB175E20-29E8-41DE-B1B4-0BC0185223E6}.Release|x86.Build.0 = Release|Any CPU
		{6F566AB4-F602-4756-BA51-7B43D6A664C6}.Debug|Any CPU.ActiveCfg = Debug|Any CPU
		{6F566AB4-F602-4756-BA51-7B43D6A664C6}.Debug|Any CPU.Build.0 = Debug|Any CPU
		{6F566AB4-F602-4756-BA51-7B43D6A664C6}.Debug|x64.ActiveCfg = Debug|Any CPU
		{6F566AB4-F602-4756-BA51-7B43D6A664C6}.Debug|x64.Build.0 = Debug|Any CPU
		{6F566AB4-F602-4756-BA51-7B43D6A664C6}.Debug|x86.ActiveCfg = Debug|Any CPU
		{6F566AB4-F602-4756-BA51-7B43D6A664C6}.Debug|x86.Build.0 = Debug|Any CPU
		{6F566AB4-F602-4756-BA51-7B43D6A664C6}.Release|Any CPU.ActiveCfg = Release|Any CPU
		{6F566AB4-F602-4756-BA51-7B43D6A664C6}.Release|Any CPU.Build.0 = Release|Any CPU
		{6F566AB4-F602-4756-BA51-7B43D6A664C6}.Release|x64.ActiveCfg = Release|Any CPU
		{6F566AB4-F602-4756-BA51-7B43D6A664C6}.Release|x64.Build.0 = Release|Any CPU
		{6F566AB4-F602-4756-BA51-7B43D6A664C6}.Release|x86.ActiveCfg = Release|Any CPU
		{6F566AB4-F602-4756-BA51-7B43D6A664C6}.Release|x86.Build.0 = Release|Any CPU
		{003FAAE5-B8AB-4AC8-928C-F19E15B57DFA}.Debug|Any CPU.ActiveCfg = Debug|Any CPU
		{003FAAE5-B8AB-4AC8-928C-F19E15B57DFA}.Debug|Any CPU.Build.0 = Debug|Any CPU
		{003FAAE5-B8AB-4AC8-928C-F19E15B57DFA}.Debug|Any CPU.Deploy.0 = Debug|Any CPU
		{003FAAE5-B8AB-4AC8-928C-F19E15B57DFA}.Debug|x64.ActiveCfg = Debug|Any CPU
		{003FAAE5-B8AB-4AC8-928C-F19E15B57DFA}.Debug|x64.Build.0 = Debug|Any CPU
		{003FAAE5-B8AB-4AC8-928C-F19E15B57DFA}.Debug|x64.Deploy.0 = Debug|Any CPU
		{003FAAE5-B8AB-4AC8-928C-F19E15B57DFA}.Debug|x86.ActiveCfg = Debug|Any CPU
		{003FAAE5-B8AB-4AC8-928C-F19E15B57DFA}.Debug|x86.Build.0 = Debug|Any CPU
		{003FAAE5-B8AB-4AC8-928C-F19E15B57DFA}.Debug|x86.Deploy.0 = Debug|Any CPU
		{003FAAE5-B8AB-4AC8-928C-F19E15B57DFA}.Release|Any CPU.ActiveCfg = Release|Any CPU
		{003FAAE5-B8AB-4AC8-928C-F19E15B57DFA}.Release|Any CPU.Build.0 = Release|Any CPU
		{003FAAE5-B8AB-4AC8-928C-F19E15B57DFA}.Release|Any CPU.Deploy.0 = Release|Any CPU
		{003FAAE5-B8AB-4AC8-928C-F19E15B57DFA}.Release|x64.ActiveCfg = Release|Any CPU
		{003FAAE5-B8AB-4AC8-928C-F19E15B57DFA}.Release|x64.Build.0 = Release|Any CPU
		{003FAAE5-B8AB-4AC8-928C-F19E15B57DFA}.Release|x64.Deploy.0 = Release|Any CPU
		{003FAAE5-B8AB-4AC8-928C-F19E15B57DFA}.Release|x86.ActiveCfg = Release|Any CPU
		{003FAAE5-B8AB-4AC8-928C-F19E15B57DFA}.Release|x86.Build.0 = Release|Any CPU
		{003FAAE5-B8AB-4AC8-928C-F19E15B57DFA}.Release|x86.Deploy.0 = Release|Any CPU
		{7E02EAF4-F2B8-4E99-B52C-5A0FF1FCB024}.Debug|Any CPU.ActiveCfg = Debug|Any CPU
		{7E02EAF4-F2B8-4E99-B52C-5A0FF1FCB024}.Debug|Any CPU.Build.0 = Debug|Any CPU
		{7E02EAF4-F2B8-4E99-B52C-5A0FF1FCB024}.Debug|Any CPU.Deploy.0 = Debug|Any CPU
		{7E02EAF4-F2B8-4E99-B52C-5A0FF1FCB024}.Debug|x64.ActiveCfg = Debug|Any CPU
		{7E02EAF4-F2B8-4E99-B52C-5A0FF1FCB024}.Debug|x64.Build.0 = Debug|Any CPU
		{7E02EAF4-F2B8-4E99-B52C-5A0FF1FCB024}.Debug|x64.Deploy.0 = Debug|Any CPU
		{7E02EAF4-F2B8-4E99-B52C-5A0FF1FCB024}.Debug|x86.ActiveCfg = Debug|Any CPU
		{7E02EAF4-F2B8-4E99-B52C-5A0FF1FCB024}.Debug|x86.Build.0 = Debug|Any CPU
		{7E02EAF4-F2B8-4E99-B52C-5A0FF1FCB024}.Debug|x86.Deploy.0 = Debug|Any CPU
		{7E02EAF4-F2B8-4E99-B52C-5A0FF1FCB024}.Release|Any CPU.ActiveCfg = Release|Any CPU
		{7E02EAF4-F2B8-4E99-B52C-5A0FF1FCB024}.Release|Any CPU.Build.0 = Release|Any CPU
		{7E02EAF4-F2B8-4E99-B52C-5A0FF1FCB024}.Release|Any CPU.Deploy.0 = Release|Any CPU
		{7E02EAF4-F2B8-4E99-B52C-5A0FF1FCB024}.Release|x64.ActiveCfg = Release|Any CPU
		{7E02EAF4-F2B8-4E99-B52C-5A0FF1FCB024}.Release|x64.Build.0 = Release|Any CPU
		{7E02EAF4-F2B8-4E99-B52C-5A0FF1FCB024}.Release|x64.Deploy.0 = Release|Any CPU
		{7E02EAF4-F2B8-4E99-B52C-5A0FF1FCB024}.Release|x86.ActiveCfg = Release|Any CPU
		{7E02EAF4-F2B8-4E99-B52C-5A0FF1FCB024}.Release|x86.Build.0 = Release|Any CPU
		{7E02EAF4-F2B8-4E99-B52C-5A0FF1FCB024}.Release|x86.Deploy.0 = Release|Any CPU
		{C14F17D6-6438-4E08-82D5-6F839B85F620}.Debug|Any CPU.ActiveCfg = Debug|Any CPU
		{C14F17D6-6438-4E08-82D5-6F839B85F620}.Debug|Any CPU.Build.0 = Debug|Any CPU
		{C14F17D6-6438-4E08-82D5-6F839B85F620}.Debug|Any CPU.Deploy.0 = Debug|Any CPU
		{C14F17D6-6438-4E08-82D5-6F839B85F620}.Debug|x64.ActiveCfg = Debug|Any CPU
		{C14F17D6-6438-4E08-82D5-6F839B85F620}.Debug|x64.Build.0 = Debug|Any CPU
		{C14F17D6-6438-4E08-82D5-6F839B85F620}.Debug|x64.Deploy.0 = Debug|Any CPU
		{C14F17D6-6438-4E08-82D5-6F839B85F620}.Debug|x86.ActiveCfg = Debug|Any CPU
		{C14F17D6-6438-4E08-82D5-6F839B85F620}.Debug|x86.Build.0 = Debug|Any CPU
		{C14F17D6-6438-4E08-82D5-6F839B85F620}.Debug|x86.Deploy.0 = Debug|Any CPU
		{C14F17D6-6438-4E08-82D5-6F839B85F620}.Release|Any CPU.ActiveCfg = Release|Any CPU
		{C14F17D6-6438-4E08-82D5-6F839B85F620}.Release|Any CPU.Build.0 = Release|Any CPU
		{C14F17D6-6438-4E08-82D5-6F839B85F620}.Release|Any CPU.Deploy.0 = Release|Any CPU
		{C14F17D6-6438-4E08-82D5-6F839B85F620}.Release|x64.ActiveCfg = Release|Any CPU
		{C14F17D6-6438-4E08-82D5-6F839B85F620}.Release|x64.Build.0 = Release|Any CPU
		{C14F17D6-6438-4E08-82D5-6F839B85F620}.Release|x64.Deploy.0 = Release|Any CPU
		{C14F17D6-6438-4E08-82D5-6F839B85F620}.Release|x86.ActiveCfg = Release|Any CPU
		{C14F17D6-6438-4E08-82D5-6F839B85F620}.Release|x86.Build.0 = Release|Any CPU
		{C14F17D6-6438-4E08-82D5-6F839B85F620}.Release|x86.Deploy.0 = Release|Any CPU
	EndGlobalSection
	GlobalSection(SolutionProperties) = preSolution
		HideSolutionNode = FALSE
	EndGlobalSection
	GlobalSection(NestedProjects) = preSolution
		{00FD0DC4-9613-4F38-AEEE-26AC1DB93BB4} = {81E5BC46-541C-438E-84CE-17C2203308EF}
		{A97CB8A0-19E8-42F0-956D-BFFE7E9B2FFF} = {ECDE72B4-12B7-4B77-BF05-AFCEF8C97067}
		{81E5BC46-541C-438E-84CE-17C2203308EF} = {C29530D3-4AFB-4BE4-89B5-7E8E241A62A4}
		{ECDE72B4-12B7-4B77-BF05-AFCEF8C97067} = {C29530D3-4AFB-4BE4-89B5-7E8E241A62A4}
		{3B5B7220-2F81-4AB0-8958-610D403A37A6} = {C29530D3-4AFB-4BE4-89B5-7E8E241A62A4}
		{34DB4B70-75DF-4D1A-B17B-F19307C26BC8} = {3B5B7220-2F81-4AB0-8958-610D403A37A6}
		{918C535C-B3A2-41E5-950F-187BC08034AA} = {C29530D3-4AFB-4BE4-89B5-7E8E241A62A4}
		{9E73EEFD-F6CA-4614-AD39-41A8F9747661} = {918C535C-B3A2-41E5-950F-187BC08034AA}
		{4F7B8DB7-B06A-47E3-BA60-251C7B6A455D} = {C29530D3-4AFB-4BE4-89B5-7E8E241A62A4}
		{0E308C3C-4B8C-4E16-8BE5-064CCFA91797} = {4F7B8DB7-B06A-47E3-BA60-251C7B6A455D}
		{30B0D668-B9F9-447B-82E3-5741C7759B09} = {C29530D3-4AFB-4BE4-89B5-7E8E241A62A4}
		{C39941D1-21D6-42F1-AFC7-66C297F097ED} = {30B0D668-B9F9-447B-82E3-5741C7759B09}
		{42405B43-4A39-406F-9870-D3D87E7C6E3C} = {6432C47F-262F-4D0A-80E2-9F331243F39D}
		{5248A85C-9BE7-4ED2-A4A8-C14423D90734} = {42405B43-4A39-406F-9870-D3D87E7C6E3C}
		{E4B5C93F-583D-469A-A635-518EA77C0B7F} = {5248A85C-9BE7-4ED2-A4A8-C14423D90734}
		{D6F0F6D1-9202-4736-A10E-70F794D4ED10} = {C29530D3-4AFB-4BE4-89B5-7E8E241A62A4}
		{4F9B0E8F-DF68-4563-8E9C-E4DC7ACC776C} = {D6F0F6D1-9202-4736-A10E-70F794D4ED10}
		{EB175E20-29E8-41DE-B1B4-0BC0185223E6} = {B8AE942F-9D37-423B-9511-9C4229C463FB}
		{6F566AB4-F602-4756-BA51-7B43D6A664C6} = {B8AE942F-9D37-423B-9511-9C4229C463FB}
		{003FAAE5-B8AB-4AC8-928C-F19E15B57DFA} = {C126F5D7-6F32-47CD-B9F7-E54CF4C15753}
		{7E02EAF4-F2B8-4E99-B52C-5A0FF1FCB024} = {C126F5D7-6F32-47CD-B9F7-E54CF4C15753}
		{C14F17D6-6438-4E08-82D5-6F839B85F620} = {C126F5D7-6F32-47CD-B9F7-E54CF4C15753}
	EndGlobalSection
	GlobalSection(ExtensibilityGlobals) = postSolution
		SolutionGuid = {2E2DA32F-0FC6-4252-9FC0-CD664838E829}
	EndGlobalSection
EndGlobal
